
Microsoft Visual Studio Solution File, Format Version 12.00
# Visual Studio 15
VisualStudioVersion = 15.0.27130.2027
MinimumVisualStudioVersion = 10.0.40219.1
Project("{9A19103F-16F7-4668-BE54-9A1E7A4F7556}") = "IncDec", "IncDec\IncDec.csproj", "{352DB039-6050-4BC9-9B09-A285AD876217}"
EndProject
Project("{9A19103F-16F7-4668-BE54-9A1E7A4F7556}") = "ChatBot", "..\ChatBot\ChatBot\ChatBot.csproj", "{E676E727-DFFB-480B-BABB-7D5C65D29803}"
EndProject
Project("{FAE04EC0-301F-11D3-BF4B-00C04F79EFBC}") = "Piramide", "Piramide\Piramide.csproj", "{67A125F6-74B2-403C-BF5A-1D122A2E6E7F}"
EndProject
Project("{FAE04EC0-301F-11D3-BF4B-00C04F79EFBC}") = "PrecorreString", "PrecorreString\PrecorreString.csproj", "{08065A48-C75D-42BC-AD7D-769AA0524AD8}"
EndProject
Project("{FAE04EC0-301F-11D3-BF4B-00C04F79EFBC}") = "ArrayBiDim", "ArrayBiDim\ArrayBiDim.csproj", "{5DA292B7-2A5F-4CE9-B32E-B03C44CBCB2A}"
EndProject
Global
	GlobalSection(SolutionConfigurationPlatforms) = preSolution
		Debug|Any CPU = Debug|Any CPU
		Release|Any CPU = Release|Any CPU
	EndGlobalSection
	GlobalSection(ProjectConfigurationPlatforms) = postSolution
		{352DB039-6050-4BC9-9B09-A285AD876217}.Debug|Any CPU.ActiveCfg = Debug|Any CPU
		{352DB039-6050-4BC9-9B09-A285AD876217}.Debug|Any CPU.Build.0 = Debug|Any CPU
		{352DB039-6050-4BC9-9B09-A285AD876217}.Release|Any CPU.ActiveCfg = Release|Any CPU
		{352DB039-6050-4BC9-9B09-A285AD876217}.Release|Any CPU.Build.0 = Release|Any CPU
		{E676E727-DFFB-480B-BABB-7D5C65D29803}.Debug|Any CPU.ActiveCfg = Debug|Any CPU
		{E676E727-DFFB-480B-BABB-7D5C65D29803}.Debug|Any CPU.Build.0 = Debug|Any CPU
		{E676E727-DFFB-480B-BABB-7D5C65D29803}.Release|Any CPU.ActiveCfg = Release|Any CPU
		{E676E727-DFFB-480B-BABB-7D5C65D29803}.Release|Any CPU.Build.0 = Release|Any CPU
		{67A125F6-74B2-403C-BF5A-1D122A2E6E7F}.Debug|Any CPU.ActiveCfg = Debug|Any CPU
		{67A125F6-74B2-403C-BF5A-1D122A2E6E7F}.Debug|Any CPU.Build.0 = Debug|Any CPU
		{67A125F6-74B2-403C-BF5A-1D122A2E6E7F}.Release|Any CPU.ActiveCfg = Release|Any CPU
		{67A125F6-74B2-403C-BF5A-1D122A2E6E7F}.Release|Any CPU.Build.0 = Release|Any CPU
		{08065A48-C75D-42BC-AD7D-769AA0524AD8}.Debug|Any CPU.ActiveCfg = Debug|Any CPU
		{08065A48-C75D-42BC-AD7D-769AA0524AD8}.Debug|Any CPU.Build.0 = Debug|Any CPU
		{08065A48-C75D-42BC-AD7D-769AA0524AD8}.Release|Any CPU.ActiveCfg = Release|Any CPU
		{08065A48-C75D-42BC-AD7D-769AA0524AD8}.Release|Any CPU.Build.0 = Release|Any CPU
		{5DA292B7-2A5F-4CE9-B32E-B03C44CBCB2A}.Debug|Any CPU.ActiveCfg = Debug|Any CPU
		{5DA292B7-2A5F-4CE9-B32E-B03C44CBCB2A}.Debug|Any CPU.Build.0 = Debug|Any CPU
		{5DA292B7-2A5F-4CE9-B32E-B03C44CBCB2A}.Release|Any CPU.ActiveCfg = Release|Any CPU
		{5DA292B7-2A5F-4CE9-B32E-B03C44CBCB2A}.Release|Any CPU.Build.0 = Release|Any CPU
	EndGlobalSection
	GlobalSection(SolutionProperties) = preSolution
		HideSolutionNode = FALSE
	EndGlobalSection
	GlobalSection(ExtensibilityGlobals) = postSolution
		SolutionGuid = {375AF97A-3147-43B0-B3B9-717290A7C8D2}
	EndGlobalSection
EndGlobal
